
Microsoft Visual Studio Solution File, Format Version 12.00
# Visual Studio Version 17
VisualStudioVersion = 17.0.31903.59
MinimumVisualStudioVersion = 10.0.40219.1
Project("{2150E333-8FDC-42A3-9474-1A3956D46DE8}") = "src", "src", "{7CDB6A1C-4B6F-4BDA-975D-1B9CF4939118}"
EndProject
Project("{FAE04EC0-301F-11D3-BF4B-00C04F79EFBC}") = "Service", "src\Service\Service.csproj", "{BA84AD62-2D40-4963-B8A7-CECCF0234AAA}"
EndProject
Project("{FAE04EC0-301F-11D3-BF4B-00C04F79EFBC}") = "Orchestrator", "src\Orchestrator\Orchestrator.csproj", "{CAB7D7FC-E22A-4EAB-BA86-F4055E2DE011}"
EndProject
Project("{FAE04EC0-301F-11D3-BF4B-00C04F79EFBC}") = "Agents", "src\Agents\Agents.csproj", "{D5468545-D0EE-4912-95DF-D4150CBAF39C}"
EndProject
Project("{FAE04EC0-301F-11D3-BF4B-00C04F79EFBC}") = "Scenarios", "src\Scenarios\Scenarios.csproj", "{0314AF94-6D20-460D-9D04-AE1685CA946F}"
EndProject
Project("{2150E333-8FDC-42A3-9474-1A3956D46DE8}") = "tests", "tests", "{2E3D32FE-03B4-4ABE-A69F-7123792E24CC}"
EndProject
Project("{FAE04EC0-301F-11D3-BF4B-00C04F79EFBC}") = "Service.Tests", "tests\Service.Tests\Service.Tests.csproj", "{37F77B70-4784-414F-80FE-1C24CBC2BB3A}"
EndProject
Project("{FAE04EC0-301F-11D3-BF4B-00C04F79EFBC}") = "Orchestrator.Tests", "tests\Orchestrator.Tests\Orchestrator.Tests.csproj", "{01EE33F5-7448-4C77-A933-897A1CCF1683}"
EndProject
Global
	GlobalSection(SolutionConfigurationPlatforms) = preSolution
		Debug|Any CPU = Debug|Any CPU
		Release|Any CPU = Release|Any CPU
	EndGlobalSection
	GlobalSection(SolutionProperties) = preSolution
		HideSolutionNode = FALSE
	EndGlobalSection
	GlobalSection(ProjectConfigurationPlatforms) = postSolution
		{BA84AD62-2D40-4963-B8A7-CECCF0234AAA}.Debug|Any CPU.ActiveCfg = Debug|Any CPU
		{BA84AD62-2D40-4963-B8A7-CECCF0234AAA}.Debug|Any CPU.Build.0 = Debug|Any CPU
		{BA84AD62-2D40-4963-B8A7-CECCF0234AAA}.Release|Any CPU.ActiveCfg = Release|Any CPU
		{BA84AD62-2D40-4963-B8A7-CECCF0234AAA}.Release|Any CPU.Build.0 = Release|Any CPU
		{CAB7D7FC-E22A-4EAB-BA86-F4055E2DE011}.Debug|Any CPU.ActiveCfg = Debug|Any CPU
		{CAB7D7FC-E22A-4EAB-BA86-F4055E2DE011}.Debug|Any CPU.Build.0 = Debug|Any CPU
		{CAB7D7FC-E22A-4EAB-BA86-F4055E2DE011}.Release|Any CPU.ActiveCfg = Release|Any CPU
		{CAB7D7FC-E22A-4EAB-BA86-F4055E2DE011}.Release|Any CPU.Build.0 = Release|Any CPU
		{D5468545-D0EE-4912-95DF-D4150CBAF39C}.Debug|Any CPU.ActiveCfg = Debug|Any CPU
		{D5468545-D0EE-4912-95DF-D4150CBAF39C}.Debug|Any CPU.Build.0 = Debug|Any CPU
		{D5468545-D0EE-4912-95DF-D4150CBAF39C}.Release|Any CPU.ActiveCfg = Release|Any CPU
		{D5468545-D0EE-4912-95DF-D4150CBAF39C}.Release|Any CPU.Build.0 = Release|Any CPU
		{0314AF94-6D20-460D-9D04-AE1685CA946F}.Debug|Any CPU.ActiveCfg = Debug|Any CPU
		{0314AF94-6D20-460D-9D04-AE1685CA946F}.Debug|Any CPU.Build.0 = Debug|Any CPU
		{0314AF94-6D20-460D-9D04-AE1685CA946F}.Release|Any CPU.ActiveCfg = Release|Any CPU
		{0314AF94-6D20-460D-9D04-AE1685CA946F}.Release|Any CPU.Build.0 = Release|Any CPU
		{37F77B70-4784-414F-80FE-1C24CBC2BB3A}.Debug|Any CPU.ActiveCfg = Debug|Any CPU
		{37F77B70-4784-414F-80FE-1C24CBC2BB3A}.Debug|Any CPU.Build.0 = Debug|Any CPU
		{37F77B70-4784-414F-80FE-1C24CBC2BB3A}.Release|Any CPU.ActiveCfg = Release|Any CPU
		{37F77B70-4784-414F-80FE-1C24CBC2BB3A}.Release|Any CPU.Build.0 = Release|Any CPU
		{01EE33F5-7448-4C77-A933-897A1CCF1683}.Debug|Any CPU.ActiveCfg = Debug|Any CPU
		{01EE33F5-7448-4C77-A933-897A1CCF1683}.Debug|Any CPU.Build.0 = Debug|Any CPU
		{01EE33F5-7448-4C77-A933-897A1CCF1683}.Release|Any CPU.ActiveCfg = Release|Any CPU
		{01EE33F5-7448-4C77-A933-897A1CCF1683}.Release|Any CPU.Build.0 = Release|Any CPU
	EndGlobalSection
	GlobalSection(NestedProjects) = preSolution
		{BA84AD62-2D40-4963-B8A7-CECCF0234AAA} = {7CDB6A1C-4B6F-4BDA-975D-1B9CF4939118}
		{CAB7D7FC-E22A-4EAB-BA86-F4055E2DE011} = {7CDB6A1C-4B6F-4BDA-975D-1B9CF4939118}
		{D5468545-D0EE-4912-95DF-D4150CBAF39C} = {7CDB6A1C-4B6F-4BDA-975D-1B9CF4939118}
		{0314AF94-6D20-460D-9D04-AE1685CA946F} = {7CDB6A1C-4B6F-4BDA-975D-1B9CF4939118}
		{37F77B70-4784-414F-80FE-1C24CBC2BB3A} = {2E3D32FE-03B4-4ABE-A69F-7123792E24CC}
		{01EE33F5-7448-4C77-A933-897A1CCF1683} = {2E3D32FE-03B4-4ABE-A69F-7123792E24CC}
	EndGlobalSection
EndGlobal
